{
  "object": {
    "pins": [
      {
        "package": "TimelaneCombine",
        "repositoryURL": "https://github.com/icanzilb/TimelaneCombine.git",
        "state": {
          "branch": null,
          "revision": "e6837bcbb19332866d5e37d501c05d68fbf985f2",
          "version": "2.0.0"
        }
      },
      {
        "package": "TimelaneCore",
        "repositoryURL": "https://github.com/icanzilb/TimelaneCore",
        "state": {
          "branch": null,
          "revision": "1ce6992ee42d88590d38fe6dceae9b6e2a8f4919",
          "version": "2.0.0"
        }
      },
      {
        "package": "TinyConstraints",
        "repositoryURL": "https://github.com/roberthein/TinyConstraints.git",
        "state": {
          "branch": null,
          "revision": "f413ea53b886de81b925eeb37a14538fe6ae4912",
          "version": "4.0.1"
        }
      }
    ]
  },
  "version": 1
}
