// !$*UTF8*$!
{
	archiveVersion = 1;
	classes = {
	};
	objectVersion = 50;
	objects = {

/* Begin PBXBuildFile section */
		3264ADE02604ED74007A302A /* AppDelegate.swift in Sources */ = {isa = PBXBuildFile; fileRef = 3264ADDF2604ED74007A302A /* AppDelegate.swift */; };
		3264ADE22604ED74007A302A /* SceneDelegate.swift in Sources */ = {isa = PBXBuildFile; fileRef = 3264ADE12604ED74007A302A /* SceneDelegate.swift */; };
		3264ADE42604ED74007A302A /* ViewController.swift in Sources */ = {isa = PBXBuildFile; fileRef = 3264ADE32604ED74007A302A /* ViewController.swift */; };
		3264ADE72604ED74007A302A /* Main.storyboard in Resources */ = {isa = PBXBuildFile; fileRef = 3264ADE52604ED74007A302A /* Main.storyboard */; };
		3264ADE92604ED75007A302A /* Assets.xcassets in Resources */ = {isa = PBXBuildFile; fileRef = 3264ADE82604ED75007A302A /* Assets.xcassets */; };
		3264ADEC2604ED75007A302A /* LaunchScreen.storyboard in Resources */ = {isa = PBXBuildFile; fileRef = 3264ADEA2604ED75007A302A /* LaunchScreen.storyboard */; };
		3264ADF72604ED75007A302A /* GoTCombineTests.swift in Sources */ = {isa = PBXBuildFile; fileRef = 3264ADF62604ED75007A302A /* GoTCombineTests.swift */; };
		3264AE022604ED75007A302A /* GoTCombineUITests.swift in Sources */ = {isa = PBXBuildFile; fileRef = 3264AE012604ED75007A302A /* GoTCombineUITests.swift */; };
/* End PBXBuildFile section */

/* Begin PBXContainerItemProxy section */
		3264ADF32604ED75007A302A /* PBXContainerItemProxy */ = {
			isa = PBXContainerItemProxy;
			containerPortal = 3264ADD42604ED74007A302A /* Project object */;
			proxyType = 1;
			remoteGlobalIDString = 3264ADDB2604ED74007A302A;
			remoteInfo = GoTCombine;
		};
		3264ADFE2604ED75007A302A /* PBXContainerItemProxy */ = {
			isa = PBXContainerItemProxy;
			containerPortal = 3264ADD42604ED74007A302A /* Project object */;
			proxyType = 1;
			remoteGlobalIDString = 3264ADDB2604ED74007A302A;
			remoteInfo = GoTCombine;
		};
/* End PBXContainerItemProxy section */

/* Begin PBXFileReference section */
		3264ADDC2604ED74007A302A /* GoTCombine.app */ = {isa = PBXFileReference; explicitFileType = wrapper.application; includeInIndex = 0; path = GoTCombine.app; sourceTree = BUILT_PRODUCTS_DIR; };
		3264ADDF2604ED74007A302A /* AppDelegate.swift */ = {isa = PBXFileReference; lastKnownFileType = sourcecode.swift; path = AppDelegate.swift; sourceTree = "<group>"; };
		3264ADE12604ED74007A302A /* SceneDelegate.swift */ = {isa = PBXFileReference; lastKnownFileType = sourcecode.swift; path = SceneDelegate.swift; sourceTree = "<group>"; };
		3264ADE32604ED74007A302A /* ViewController.swift */ = {isa = PBXFileReference; lastKnownFileType = sourcecode.swift; path = ViewController.swift; sourceTree = "<group>"; };
		3264ADE62604ED74007A302A /* Base */ = {isa = PBXFileReference; lastKnownFileType = file.storyboard; name = Base; path = Base.lproj/Main.storyboard; sourceTree = "<group>"; };
		3264ADE82604ED75007A302A /* Assets.xcassets */ = {isa = PBXFileReference; lastKnownFileType = folder.assetcatalog; path = Assets.xcassets; sourceTree = "<group>"; };
		3264ADEB2604ED75007A302A /* Base */ = {isa = PBXFileReference; lastKnownFileType = file.storyboard; name = Base; path = Base.lproj/LaunchScreen.storyboard; sourceTree = "<group>"; };
		3264ADED2604ED75007A302A /* Info.plist */ = {isa = PBXFileReference; lastKnownFileType = text.plist.xml; path = Info.plist; sourceTree = "<group>"; };
		3264ADF22604ED75007A302A /* GoTCombineTests.xctest */ = {isa = PBXFileReference; explicitFileType = wrapper.cfbundle; includeInIndex = 0; path = GoTCombineTests.xctest; sourceTree = BUILT_PRODUCTS_DIR; };
		3264ADF62604ED75007A302A /* GoTCombineTests.swift */ = {isa = PBXFileReference; lastKnownFileType = sourcecode.swift; path = GoTCombineTests.swift; sourceTree = "<group>"; };
		3264ADF82604ED75007A302A /* Info.plist */ = {isa = PBXFileReference; lastKnownFileType = text.plist.xml; path = Info.plist; sourceTree = "<group>"; };
		3264ADFD2604ED75007A302A /* GoTCombineUITests.xctest */ = {isa = PBXFileReference; explicitFileType = wrapper.cfbundle; includeInIndex = 0; path = GoTCombineUITests.xctest; sourceTree = BUILT_PRODUCTS_DIR; };
		3264AE012604ED75007A302A /* GoTCombineUITests.swift */ = {isa = PBXFileReference; lastKnownFileType = sourcecode.swift; path = GoTCombineUITests.swift; sourceTree = "<group>"; };
		3264AE032604ED75007A302A /* Info.plist */ = {isa = PBXFileReference; lastKnownFileType = text.plist.xml; path = Info.plist; sourceTree = "<group>"; };
/* End PBXFileReference section */

/* Begin PBXFrameworksBuildPhase section */
		3264ADD92604ED74007A302A /* Frameworks */ = {
			isa = PBXFrameworksBuildPhase;
			buildActionMask = 2147483647;
			files = (
			);
			runOnlyForDeploymentPostprocessing = 0;
		};
		3264ADEF2604ED75007A302A /* Frameworks */ = {
			isa = PBXFrameworksBuildPhase;
			buildActionMask = 2147483647;
			files = (
			);
			runOnlyForDeploymentPostprocessing = 0;
		};
		3264ADFA2604ED75007A302A /* Frameworks */ = {
			isa = PBXFrameworksBuildPhase;
			buildActionMask = 2147483647;
			files = (
			);
			runOnlyForDeploymentPostprocessing = 0;
		};
/* End PBXFrameworksBuildPhase section */

/* Begin PBXGroup section */
		3264ADD32604ED74007A302A = {
			isa = PBXGroup;
			children = (
				3264ADDE2604ED74007A302A /* GoTCombine */,
				3264ADF52604ED75007A302A /* GoTCombineTests */,
				3264AE002604ED75007A302A /* GoTCombineUITests */,
				3264ADDD2604ED74007A302A /* Products */,
			);
			sourceTree = "<group>";
		};
		3264ADDD2604ED74007A302A /* Products */ = {
			isa = PBXGroup;
			children = (
				3264ADDC2604ED74007A302A /* GoTCombine.app */,
				3264ADF22604ED75007A302A /* GoTCombineTests.xctest */,
				3264ADFD2604ED75007A302A /* GoTCombineUITests.xctest */,
			);
			name = Products;
			sourceTree = "<group>";
		};
		3264ADDE2604ED74007A302A /* GoTCombine */ = {
			isa = PBXGroup;
			children = (
				3264ADDF2604ED74007A302A /* AppDelegate.swift */,
				3264ADE12604ED74007A302A /* SceneDelegate.swift */,
				3264ADE32604ED74007A302A /* ViewController.swift */,
				3264ADE52604ED74007A302A /* Main.storyboard */,
				3264ADE82604ED75007A302A /* Assets.xcassets */,
				3264ADEA2604ED75007A302A /* LaunchScreen.storyboard */,
				3264ADED2604ED75007A302A /* Info.plist */,
			);
			path = GoTCombine;
			sourceTree = "<group>";
		};
		3264ADF52604ED75007A302A /* GoTCombineTests */ = {
			isa = PBXGroup;
			children = (
				3264ADF62604ED75007A302A /* GoTCombineTests.swift */,
				3264ADF82604ED75007A302A /* Info.plist */,
			);
			path = GoTCombineTests;
			sourceTree = "<group>";
		};
		3264AE002604ED75007A302A /* GoTCombineUITests */ = {
			isa = PBXGroup;
			children = (
				3264AE012604ED75007A302A /* GoTCombineUITests.swift */,
				3264AE032604ED75007A302A /* Info.plist */,
			);
			path = GoTCombineUITests;
			sourceTree = "<group>";
		};
/* End PBXGroup section */

/* Begin PBXNativeTarget section */
		3264ADDB2604ED74007A302A /* GoTCombine */ = {
			isa = PBXNativeTarget;
			buildConfigurationList = 3264AE062604ED75007A302A /* Build configuration list for PBXNativeTarget "GoTCombine" */;
			buildPhases = (
				3264ADD82604ED74007A302A /* Sources */,
				3264ADD92604ED74007A302A /* Frameworks */,
				3264ADDA2604ED74007A302A /* Resources */,
			);
			buildRules = (
			);
			dependencies = (
			);
			name = GoTCombine;
			productName = GoTCombine;
			productReference = 3264ADDC2604ED74007A302A /* GoTCombine.app */;
			productType = "com.apple.product-type.application";
		};
		3264ADF12604ED75007A302A /* GoTCombineTests */ = {
			isa = PBXNativeTarget;
			buildConfigurationList = 3264AE092604ED75007A302A /* Build configuration list for PBXNativeTarget "GoTCombineTests" */;
			buildPhases = (
				3264ADEE2604ED75007A302A /* Sources */,
				3264ADEF2604ED75007A302A /* Frameworks */,
				3264ADF02604ED75007A302A /* Resources */,
			);
			buildRules = (
			);
			dependencies = (
				3264ADF42604ED75007A302A /* PBXTargetDependency */,
			);
			name = GoTCombineTests;
			productName = GoTCombineTests;
			productReference = 3264ADF22604ED75007A302A /* GoTCombineTests.xctest */;
			productType = "com.apple.product-type.bundle.unit-test";
		};
		3264ADFC2604ED75007A302A /* GoTCombineUITests */ = {
			isa = PBXNativeTarget;
			buildConfigurationList = 3264AE0C2604ED75007A302A /* Build configuration list for PBXNativeTarget "GoTCombineUITests" */;
			buildPhases = (
				3264ADF92604ED75007A302A /* Sources */,
				3264ADFA2604ED75007A302A /* Frameworks */,
				3264ADFB2604ED75007A302A /* Resources */,
			);
			buildRules = (
			);
			dependencies = (
				3264ADFF2604ED75007A302A /* PBXTargetDependency */,
			);
			name = GoTCombineUITests;
			productName = GoTCombineUITests;
			productReference = 3264ADFD2604ED75007A302A /* GoTCombineUITests.xctest */;
			productType = "com.apple.product-type.bundle.ui-testing";
		};
/* End PBXNativeTarget section */

/* Begin PBXProject section */
		3264ADD42604ED74007A302A /* Project object */ = {
			isa = PBXProject;
			attributes = {
				LastSwiftUpdateCheck = 1240;
				LastUpgradeCheck = 1240;
				TargetAttributes = {
					3264ADDB2604ED74007A302A = {
						CreatedOnToolsVersion = 12.4;
					};
					3264ADF12604ED75007A302A = {
						CreatedOnToolsVersion = 12.4;
						TestTargetID = 3264ADDB2604ED74007A302A;
					};
					3264ADFC2604ED75007A302A = {
						CreatedOnToolsVersion = 12.4;
						TestTargetID = 3264ADDB2604ED74007A302A;
					};
				};
			};
			buildConfigurationList = 3264ADD72604ED74007A302A /* Build configuration list for PBXProject "GoTCombine" */;
			compatibilityVersion = "Xcode 9.3";
			developmentRegion = en;
			hasScannedForEncodings = 0;
			knownRegions = (
				en,
				Base,
			);
			mainGroup = 3264ADD32604ED74007A302A;
			productRefGroup = 3264ADDD2604ED74007A302A /* Products */;
			projectDirPath = "";
			projectRoot = "";
			targets = (
				3264ADDB2604ED74007A302A /* GoTCombine */,
				3264ADF12604ED75007A302A /* GoTCombineTests */,
				3264ADFC2604ED75007A302A /* GoTCombineUITests */,
			);
		};
/* End PBXProject section */

/* Begin PBXResourcesBuildPhase section */
		3264ADDA2604ED74007A302A /* Resources */ = {
			isa = PBXResourcesBuildPhase;
			buildActionMask = 2147483647;
			files = (
				3264ADEC2604ED75007A302A /* LaunchScreen.storyboard in Resources */,
				3264ADE92604ED75007A302A /* Assets.xcassets in Resources */,
				3264ADE72604ED74007A302A /* Main.storyboard in Resources */,
			);
			runOnlyForDeploymentPostprocessing = 0;
		};
		3264ADF02604ED75007A302A /* Resources */ = {
			isa = PBXResourcesBuildPhase;
			buildActionMask = 2147483647;
			files = (
			);
			runOnlyForDeploymentPostprocessing = 0;
		};
		3264ADFB2604ED75007A302A /* Resources */ = {
			isa = PBXResourcesBuildPhase;
			buildActionMask = 2147483647;
			files = (
			);
			runOnlyForDeploymentPostprocessing = 0;
		};
/* End PBXResourcesBuildPhase section */

/* Begin PBXSourcesBuildPhase section */
		3264ADD82604ED74007A302A /* Sources */ = {
			isa = PBXSourcesBuildPhase;
			buildActionMask = 2147483647;
			files = (
				3264ADE42604ED74007A302A /* ViewController.swift in Sources */,
				3264ADE02604ED74007A302A /* AppDelegate.swift in Sources */,
				3264ADE22604ED74007A302A /* SceneDelegate.swift in Sources */,
			);
			runOnlyForDeploymentPostprocessing = 0;
		};
		3264ADEE2604ED75007A302A /* Sources */ = {
			isa = PBXSourcesBuildPhase;
			buildActionMask = 2147483647;
			files = (
				3264ADF72604ED75007A302A /* GoTCombineTests.swift in Sources */,
			);
			runOnlyForDeploymentPostprocessing = 0;
		};
		3264ADF92604ED75007A302A /* Sources */ = {
			isa = PBXSourcesBuildPhase;
			buildActionMask = 2147483647;
			files = (
				3264AE022604ED75007A302A /* GoTCombineUITests.swift in Sources */,
			);
			runOnlyForDeploymentPostprocessing = 0;
		};
/* End PBXSourcesBuildPhase section */

/* Begin PBXTargetDependency section */
		3264ADF42604ED75007A302A /* PBXTargetDependency */ = {
			isa = PBXTargetDependency;
			target = 3264ADDB2604ED74007A302A /* GoTCombine */;
			targetProxy = 3264ADF32604ED75007A302A /* PBXContainerItemProxy */;
		};
		3264ADFF2604ED75007A302A /* PBXTargetDependency */ = {
			isa = PBXTargetDependency;
			target = 3264ADDB2604ED74007A302A /* GoTCombine */;
			targetProxy = 3264ADFE2604ED75007A302A /* PBXContainerItemProxy */;
		};
/* End PBXTargetDependency section */

/* Begin PBXVariantGroup section */
		3264ADE52604ED74007A302A /* Main.storyboard */ = {
			isa = PBXVariantGroup;
			children = (
				3264ADE62604ED74007A302A /* Base */,
			);
			name = Main.storyboard;
			sourceTree = "<group>";
		};
		3264ADEA2604ED75007A302A /* LaunchScreen.storyboard */ = {
			isa = PBXVariantGroup;
			children = (
				3264ADEB2604ED75007A302A /* Base */,
			);
			name = LaunchScreen.storyboard;
			sourceTree = "<group>";
		};
/* End PBXVariantGroup section */

/* Begin XCBuildConfiguration section */
		3264AE042604ED75007A302A /* Debug */ = {
			isa = XCBuildConfiguration;
			buildSettings = {
				ALWAYS_SEARCH_USER_PATHS = NO;
				CLANG_ANALYZER_NONNULL = YES;
				CLANG_ANALYZER_NUMBER_OBJECT_CONVERSION = YES_AGGRESSIVE;
				CLANG_CXX_LANGUAGE_STANDARD = "gnu++14";
				CLANG_CXX_LIBRARY = "libc++";
				CLANG_ENABLE_MODULES = YES;
				CLANG_ENABLE_OBJC_ARC = YES;
				CLANG_ENABLE_OBJC_WEAK = YES;
				CLANG_WARN_BLOCK_CAPTURE_AUTORELEASING = YES;
				CLANG_WARN_BOOL_CONVERSION = YES;
				CLANG_WARN_COMMA = YES;
				CLANG_WARN_CONSTANT_CONVERSION = YES;
				CLANG_WARN_DEPRECATED_OBJC_IMPLEMENTATIONS = YES;
				CLANG_WARN_DIRECT_OBJC_ISA_USAGE = YES_ERROR;
				CLANG_WARN_DOCUMENTATION_COMMENTS = YES;
				CLANG_WARN_EMPTY_BODY = YES;
				CLANG_WARN_ENUM_CONVERSION = YES;
				CLANG_WARN_INFINITE_RECURSION = YES;
				CLANG_WARN_INT_CONVERSION = YES;
				CLANG_WARN_NON_LITERAL_NULL_CONVERSION = YES;
				CLANG_WARN_OBJC_IMPLICIT_RETAIN_SELF = YES;
				CLANG_WARN_OBJC_LITERAL_CONVERSION = YES;
				CLANG_WARN_OBJC_ROOT_CLASS = YES_ERROR;
				CLANG_WARN_QUOTED_INCLUDE_IN_FRAMEWORK_HEADER = YES;
				CLANG_WARN_RANGE_LOOP_ANALYSIS = YES;
				CLANG_WARN_STRICT_PROTOTYPES = YES;
				CLANG_WARN_SUSPICIOUS_MOVE = YES;
				CLANG_WARN_UNGUARDED_AVAILABILITY = YES_AGGRESSIVE;
				CLANG_WARN_UNREACHABLE_CODE = YES;
				CLANG_WARN__DUPLICATE_METHOD_MATCH = YES;
				COPY_PHASE_STRIP = NO;
				DEBUG_INFORMATION_FORMAT = dwarf;
				ENABLE_STRICT_OBJC_MSGSEND = YES;
				ENABLE_TESTABILITY = YES;
				GCC_C_LANGUAGE_STANDARD = gnu11;
				GCC_DYNAMIC_NO_PIC = NO;
				GCC_NO_COMMON_BLOCKS = YES;
				GCC_OPTIMIZATION_LEVEL = 0;
				GCC_PREPROCESSOR_DEFINITIONS = (
					"DEBUG=1",
					"$(inherited)",
				);
				GCC_WARN_64_TO_32_BIT_CONVERSION = YES;
				GCC_WARN_ABOUT_RETURN_TYPE = YES_ERROR;
				GCC_WARN_UNDECLARED_SELECTOR = YES;
				GCC_WARN_UNINITIALIZED_AUTOS = YES_AGGRESSIVE;
				GCC_WARN_UNUSED_FUNCTION = YES;
				GCC_WARN_UNUSED_VARIABLE = YES;
				IPHONEOS_DEPLOYMENT_TARGET = 14.4;
				MTL_ENABLE_DEBUG_INFO = INCLUDE_SOURCE;
				MTL_FAST_MATH = YES;
				ONLY_ACTIVE_ARCH = YES;
				SDKROOT = iphoneos;
				SWIFT_ACTIVE_COMPILATION_CONDITIONS = DEBUG;
				SWIFT_OPTIMIZATION_LEVEL = "-Onone";
			};
			name = Debug;
		};
		3264AE052604ED75007A302A /* Release */ = {
			isa = XCBuildConfiguration;
			buildSettings = {
				ALWAYS_SEARCH_USER_PATHS = NO;
				CLANG_ANALYZER_NONNULL = YES;
				CLANG_ANALYZER_NUMBER_OBJECT_CONVERSION = YES_AGGRESSIVE;
				CLANG_CXX_LANGUAGE_STANDARD = "gnu++14";
				CLANG_CXX_LIBRARY = "libc++";
				CLANG_ENABLE_MODULES = YES;
				CLANG_ENABLE_OBJC_ARC = YES;
				CLANG_ENABLE_OBJC_WEAK = YES;
				CLANG_WARN_BLOCK_CAPTURE_AUTORELEASING = YES;
				CLANG_WARN_BOOL_CONVERSION = YES;
				CLANG_WARN_COMMA = YES;
				CLANG_WARN_CONSTANT_CONVERSION = YES;
				CLANG_WARN_DEPRECATED_OBJC_IMPLEMENTATIONS = YES;
				CLANG_WARN_DIRECT_OBJC_ISA_USAGE = YES_ERROR;
				CLANG_WARN_DOCUMENTATION_COMMENTS = YES;
				CLANG_WARN_EMPTY_BODY = YES;
				CLANG_WARN_ENUM_CONVERSION = YES;
				CLANG_WARN_INFINITE_RECURSION = YES;
				CLANG_WARN_INT_CONVERSION = YES;
				CLANG_WARN_NON_LITERAL_NULL_CONVERSION = YES;
				CLANG_WARN_OBJC_IMPLICIT_RETAIN_SELF = YES;
				CLANG_WARN_OBJC_LITERAL_CONVERSION = YES;
				CLANG_WARN_OBJC_ROOT_CLASS = YES_ERROR;
				CLANG_WARN_QUOTED_INCLUDE_IN_FRAMEWORK_HEADER = YES;
				CLANG_WARN_RANGE_LOOP_ANALYSIS = YES;
				CLANG_WARN_STRICT_PROTOTYPES = YES;
				CLANG_WARN_SUSPICIOUS_MOVE = YES;
				CLANG_WARN_UNGUARDED_AVAILABILITY = YES_AGGRESSIVE;
				CLANG_WARN_UNREACHABLE_CODE = YES;
				CLANG_WARN__DUPLICATE_METHOD_MATCH = YES;
				COPY_PHASE_STRIP = NO;
				DEBUG_INFORMATION_FORMAT = "dwarf-with-dsym";
				ENABLE_NS_ASSERTIONS = NO;
				ENABLE_STRICT_OBJC_MSGSEND = YES;
				GCC_C_LANGUAGE_STANDARD = gnu11;
				GCC_NO_COMMON_BLOCKS = YES;
				GCC_WARN_64_TO_32_BIT_CONVERSION = YES;
				GCC_WARN_ABOUT_RETURN_TYPE = YES_ERROR;
				GCC_WARN_UNDECLARED_SELECTOR = YES;
				GCC_WARN_UNINITIALIZED_AUTOS = YES_AGGRESSIVE;
				GCC_WARN_UNUSED_FUNCTION = YES;
				GCC_WARN_UNUSED_VARIABLE = YES;
				IPHONEOS_DEPLOYMENT_TARGET = 14.4;
				MTL_ENABLE_DEBUG_INFO = NO;
				MTL_FAST_MATH = YES;
				SDKROOT = iphoneos;
				SWIFT_COMPILATION_MODE = wholemodule;
				SWIFT_OPTIMIZATION_LEVEL = "-O";
				VALIDATE_PRODUCT = YES;
			};
			name = Release;
		};
		3264AE072604ED75007A302A /* Debug */ = {
			isa = XCBuildConfiguration;
			buildSettings = {
				ASSETCATALOG_COMPILER_APPICON_NAME = AppIcon;
				ASSETCATALOG_COMPILER_GLOBAL_ACCENT_COLOR_NAME = AccentColor;
				CODE_SIGN_STYLE = Automatic;
				DEVELOPMENT_TEAM = H692NKW37Z;
				INFOPLIST_FILE = GoTCombine/Info.plist;
				LD_RUNPATH_SEARCH_PATHS = (
					"$(inherited)",
					"@executable_path/Frameworks",
				);
				PRODUCT_BUNDLE_IDENTIFIER = com.xdesign.GoTCombine;
				PRODUCT_NAME = "$(TARGET_NAME)";
				SWIFT_VERSION = 5.0;
				TARGETED_DEVICE_FAMILY = "1,2";
			};
			name = Debug;
		};
		3264AE082604ED75007A302A /* Release */ = {
			isa = XCBuildConfiguration;
			buildSettings = {
				ASSETCATALOG_COMPILER_APPICON_NAME = AppIcon;
				ASSETCATALOG_COMPILER_GLOBAL_ACCENT_COLOR_NAME = AccentColor;
				CODE_SIGN_STYLE = Automatic;
				DEVELOPMENT_TEAM = H692NKW37Z;
				INFOPLIST_FILE = GoTCombine/Info.plist;
				LD_RUNPATH_SEARCH_PATHS = (
					"$(inherited)",
					"@executable_path/Frameworks",
				);
				PRODUCT_BUNDLE_IDENTIFIER = com.xdesign.GoTCombine;
				PRODUCT_NAME = "$(TARGET_NAME)";
				SWIFT_VERSION = 5.0;
				TARGETED_DEVICE_FAMILY = "1,2";
			};
			name = Release;
		};
		3264AE0A2604ED75007A302A /* Debug */ = {
			isa = XCBuildConfiguration;
			buildSettings = {
				ALWAYS_EMBED_SWIFT_STANDARD_LIBRARIES = YES;
				BUNDLE_LOADER = "$(TEST_HOST)";
				CODE_SIGN_STYLE = Automatic;
				DEVELOPMENT_TEAM = H692NKW37Z;
				INFOPLIST_FILE = GoTCombineTests/Info.plist;
				IPHONEOS_DEPLOYMENT_TARGET = 14.4;
				LD_RUNPATH_SEARCH_PATHS = (
					"$(inherited)",
					"@executable_path/Frameworks",
					"@loader_path/Frameworks",
				);
				PRODUCT_BUNDLE_IDENTIFIER = com.xdesign.GoTCombineTests;
				PRODUCT_NAME = "$(TARGET_NAME)";
				SWIFT_VERSION = 5.0;
				TARGETED_DEVICE_FAMILY = "1,2";
				TEST_HOST = "$(BUILT_PRODUCTS_DIR)/GoTCombine.app/GoTCombine";
			};
			name = Debug;
		};
		3264AE0B2604ED75007A302A /* Release */ = {
			isa = XCBuildConfiguration;
			buildSettings = {
				ALWAYS_EMBED_SWIFT_STANDARD_LIBRARIES = YES;
				BUNDLE_LOADER = "$(TEST_HOST)";
				CODE_SIGN_STYLE = Automatic;
				DEVELOPMENT_TEAM = H692NKW37Z;
				INFOPLIST_FILE = GoTCombineTests/Info.plist;
				IPHONEOS_DEPLOYMENT_TARGET = 14.4;
				LD_RUNPATH_SEARCH_PATHS = (
					"$(inherited)",
					"@executable_path/Frameworks",
					"@loader_path/Frameworks",
				);
				PRODUCT_BUNDLE_IDENTIFIER = com.xdesign.GoTCombineTests;
				PRODUCT_NAME = "$(TARGET_NAME)";
				SWIFT_VERSION = 5.0;
				TARGETED_DEVICE_FAMILY = "1,2";
				TEST_HOST = "$(BUILT_PRODUCTS_DIR)/GoTCombine.app/GoTCombine";
			};
			name = Release;
		};
		3264AE0D2604ED75007A302A /* Debug */ = {
			isa = XCBuildConfiguration;
			buildSettings = {
				ALWAYS_EMBED_SWIFT_STANDARD_LIBRARIES = YES;
				CODE_SIGN_STYLE = Automatic;
				DEVELOPMENT_TEAM = H692NKW37Z;
				INFOPLIST_FILE = GoTCombineUITests/Info.plist;
				LD_RUNPATH_SEARCH_PATHS = (
					"$(inherited)",
					"@executable_path/Frameworks",
					"@loader_path/Frameworks",
				);
				PRODUCT_BUNDLE_IDENTIFIER = com.xdesign.GoTCombineUITests;
				PRODUCT_NAME = "$(TARGET_NAME)";
				SWIFT_VERSION = 5.0;
				TARGETED_DEVICE_FAMILY = "1,2";
				TEST_TARGET_NAME = GoTCombine;
			};
			name = Debug;
		};
		3264AE0E2604ED75007A302A /* Release */ = {
			isa = XCBuildConfiguration;
			buildSettings = {
				ALWAYS_EMBED_SWIFT_STANDARD_LIBRARIES = YES;
				CODE_SIGN_STYLE = Automatic;
				DEVELOPMENT_TEAM = H692NKW37Z;
				INFOPLIST_FILE = GoTCombineUITests/Info.plist;
				LD_RUNPATH_SEARCH_PATHS = (
					"$(inherited)",
					"@executable_path/Frameworks",
					"@loader_path/Frameworks",
				);
				PRODUCT_BUNDLE_IDENTIFIER = com.xdesign.GoTCombineUITests;
				PRODUCT_NAME = "$(TARGET_NAME)";
				SWIFT_VERSION = 5.0;
				TARGETED_DEVICE_FAMILY = "1,2";
				TEST_TARGET_NAME = GoTCombine;
			};
			name = Release;
		};
/* End XCBuildConfiguration section */

/* Begin XCConfigurationList section */
		3264ADD72604ED74007A302A /* Build configuration list for PBXProject "GoTCombine" */ = {
			isa = XCConfigurationList;
			buildConfigurations = (
				3264AE042604ED75007A302A /* Debug */,
				3264AE052604ED75007A302A /* Release */,
			);
			defaultConfigurationIsVisible = 0;
			defaultConfigurationName = Release;
		};
		3264AE062604ED75007A302A /* Build configuration list for PBXNativeTarget "GoTCombine" */ = {
			isa = XCConfigurationList;
			buildConfigurations = (
				3264AE072604ED75007A302A /* Debug */,
				3264AE082604ED75007A302A /* Release */,
			);
			defaultConfigurationIsVisible = 0;
			defaultConfigurationName = Release;
		};
		3264AE092604ED75007A302A /* Build configuration list for PBXNativeTarget "GoTCombineTests" */ = {
			isa = XCConfigurationList;
			buildConfigurations = (
				3264AE0A2604ED75007A302A /* Debug */,
				3264AE0B2604ED75007A302A /* Release */,
			);
			defaultConfigurationIsVisible = 0;
			defaultConfigurationName = Release;
		};
		3264AE0C2604ED75007A302A /* Build configuration list for PBXNativeTarget "GoTCombineUITests" */ = {
			isa = XCConfigurationList;
			buildConfigurations = (
				3264AE0D2604ED75007A302A /* Debug */,
				3264AE0E2604ED75007A302A /* Release */,
			);
			defaultConfigurationIsVisible = 0;
			defaultConfigurationName = Release;
		};
/* End XCConfigurationList section */
	};
	rootObject = 3264ADD42604ED74007A302A /* Project object */;
}
